// !$*UTF8*$!
{
	archiveVersion = 1;
	classes = {
	};
	objectVersion = 50;
	objects = {

/* Begin PBXBuildFile section */
		70C35139252A6A00007BA4E8 /* AppDelegate.swift in Sources */ = {isa = PBXBuildFile; fileRef = 70C35138252A6A00007BA4E8 /* AppDelegate.swift */; };
		70C3513B252A6A00007BA4E8 /* ContentView.swift in Sources */ = {isa = PBXBuildFile; fileRef = 70C3513A252A6A00007BA4E8 /* ContentView.swift */; };
		70C3513D252A6A01007BA4E8 /* Assets.xcassets in Resources */ = {isa = PBXBuildFile; fileRef = 70C3513C252A6A01007BA4E8 /* Assets.xcassets */; };
		70C35140252A6A01007BA4E8 /* Preview Assets.xcassets in Resources */ = {isa = PBXBuildFile; fileRef = 70C3513F252A6A01007BA4E8 /* Preview Assets.xcassets */; };
		70C35143252A6A01007BA4E8 /* Main.storyboard in Resources */ = {isa = PBXBuildFile; fileRef = 70C35141252A6A01007BA4E8 /* Main.storyboard */; };
		70C3514F252A6A01007BA4E8 /* MetalColorRemoveTests.swift in Sources */ = {isa = PBXBuildFile; fileRef = 70C3514E252A6A01007BA4E8 /* MetalColorRemoveTests.swift */; };
		70C3515A252A6A01007BA4E8 /* MetalColorRemoveUITests.swift in Sources */ = {isa = PBXBuildFile; fileRef = 70C35159252A6A01007BA4E8 /* MetalColorRemoveUITests.swift */; };
/* End PBXBuildFile section */

/* Begin PBXContainerItemProxy section */
		70C3514B252A6A01007BA4E8 /* PBXContainerItemProxy */ = {
			isa = PBXContainerItemProxy;
			containerPortal = 70C3512D252A6A00007BA4E8 /* Project object */;
			proxyType = 1;
			remoteGlobalIDString = 70C35134252A6A00007BA4E8;
			remoteInfo = MetalColorRemove;
		};
		70C35156252A6A01007BA4E8 /* PBXContainerItemProxy */ = {
			isa = PBXContainerItemProxy;
			containerPortal = 70C3512D252A6A00007BA4E8 /* Project object */;
			proxyType = 1;
			remoteGlobalIDString = 70C35134252A6A00007BA4E8;
			remoteInfo = MetalColorRemove;
		};
/* End PBXContainerItemProxy section */

/* Begin PBXFileReference section */
		70C35135252A6A00007BA4E8 /* MetalColorRemove.app */ = {isa = PBXFileReference; explicitFileType = wrapper.application; includeInIndex = 0; path = MetalColorRemove.app; sourceTree = BUILT_PRODUCTS_DIR; };
		70C35138252A6A00007BA4E8 /* AppDelegate.swift */ = {isa = PBXFileReference; lastKnownFileType = sourcecode.swift; path = AppDelegate.swift; sourceTree = "<group>"; };
		70C3513A252A6A00007BA4E8 /* ContentView.swift */ = {isa = PBXFileReference; lastKnownFileType = sourcecode.swift; path = ContentView.swift; sourceTree = "<group>"; };
		70C3513C252A6A01007BA4E8 /* Assets.xcassets */ = {isa = PBXFileReference; lastKnownFileType = folder.assetcatalog; path = Assets.xcassets; sourceTree = "<group>"; };
		70C3513F252A6A01007BA4E8 /* Preview Assets.xcassets */ = {isa = PBXFileReference; lastKnownFileType = folder.assetcatalog; path = "Preview Assets.xcassets"; sourceTree = "<group>"; };
		70C35142252A6A01007BA4E8 /* Base */ = {isa = PBXFileReference; lastKnownFileType = file.storyboard; name = Base; path = Base.lproj/Main.storyboard; sourceTree = "<group>"; };
		70C35144252A6A01007BA4E8 /* Info.plist */ = {isa = PBXFileReference; lastKnownFileType = text.plist.xml; path = Info.plist; sourceTree = "<group>"; };
		70C35145252A6A01007BA4E8 /* MetalColorRemove.entitlements */ = {isa = PBXFileReference; lastKnownFileType = text.plist.entitlements; path = MetalColorRemove.entitlements; sourceTree = "<group>"; };
		70C3514A252A6A01007BA4E8 /* MetalColorRemoveTests.xctest */ = {isa = PBXFileReference; explicitFileType = wrapper.cfbundle; includeInIndex = 0; path = MetalColorRemoveTests.xctest; sourceTree = BUILT_PRODUCTS_DIR; };
		70C3514E252A6A01007BA4E8 /* MetalColorRemoveTests.swift */ = {isa = PBXFileReference; lastKnownFileType = sourcecode.swift; path = MetalColorRemoveTests.swift; sourceTree = "<group>"; };
		70C35150252A6A01007BA4E8 /* Info.plist */ = {isa = PBXFileReference; lastKnownFileType = text.plist.xml; path = Info.plist; sourceTree = "<group>"; };
		70C35155252A6A01007BA4E8 /* MetalColorRemoveUITests.xctest */ = {isa = PBXFileReference; explicitFileType = wrapper.cfbundle; includeInIndex = 0; path = MetalColorRemoveUITests.xctest; sourceTree = BUILT_PRODUCTS_DIR; };
		70C35159252A6A01007BA4E8 /* MetalColorRemoveUITests.swift */ = {isa = PBXFileReference; lastKnownFileType = sourcecode.swift; path = MetalColorRemoveUITests.swift; sourceTree = "<group>"; };
		70C3515B252A6A01007BA4E8 /* Info.plist */ = {isa = PBXFileReference; lastKnownFileType = text.plist.xml; path = Info.plist; sourceTree = "<group>"; };
/* End PBXFileReference section */

/* Begin PBXFrameworksBuildPhase section */
		70C35132252A6A00007BA4E8 /* Frameworks */ = {
			isa = PBXFrameworksBuildPhase;
			buildActionMask = 2147483647;
			files = (
			);
			runOnlyForDeploymentPostprocessing = 0;
		};
		70C35147252A6A01007BA4E8 /* Frameworks */ = {
			isa = PBXFrameworksBuildPhase;
			buildActionMask = 2147483647;
			files = (
			);
			runOnlyForDeploymentPostprocessing = 0;
		};
		70C35152252A6A01007BA4E8 /* Frameworks */ = {
			isa = PBXFrameworksBuildPhase;
			buildActionMask = 2147483647;
			files = (
			);
			runOnlyForDeploymentPostprocessing = 0;
		};
/* End PBXFrameworksBuildPhase section */

/* Begin PBXGroup section */
		70C3512C252A6A00007BA4E8 = {
			isa = PBXGroup;
			children = (
				70C35137252A6A00007BA4E8 /* MetalColorRemove */,
				70C3514D252A6A01007BA4E8 /* MetalColorRemoveTests */,
				70C35158252A6A01007BA4E8 /* MetalColorRemoveUITests */,
				70C35136252A6A00007BA4E8 /* Products */,
			);
			sourceTree = "<group>";
		};
		70C35136252A6A00007BA4E8 /* Products */ = {
			isa = PBXGroup;
			children = (
				70C35135252A6A00007BA4E8 /* MetalColorRemove.app */,
				70C3514A252A6A01007BA4E8 /* MetalColorRemoveTests.xctest */,
				70C35155252A6A01007BA4E8 /* MetalColorRemoveUITests.xctest */,
			);
			name = Products;
			sourceTree = "<group>";
		};
		70C35137252A6A00007BA4E8 /* MetalColorRemove */ = {
			isa = PBXGroup;
			children = (
				70C35138252A6A00007BA4E8 /* AppDelegate.swift */,
				70C3513A252A6A00007BA4E8 /* ContentView.swift */,
				70C3513C252A6A01007BA4E8 /* Assets.xcassets */,
				70C35141252A6A01007BA4E8 /* Main.storyboard */,
				70C35144252A6A01007BA4E8 /* Info.plist */,
				70C35145252A6A01007BA4E8 /* MetalColorRemove.entitlements */,
				70C3513E252A6A01007BA4E8 /* Preview Content */,
			);
			path = MetalColorRemove;
			sourceTree = "<group>";
		};
		70C3513E252A6A01007BA4E8 /* Preview Content */ = {
			isa = PBXGroup;
			children = (
				70C3513F252A6A01007BA4E8 /* Preview Assets.xcassets */,
			);
			path = "Preview Content";
			sourceTree = "<group>";
		};
		70C3514D252A6A01007BA4E8 /* MetalColorRemoveTests */ = {
			isa = PBXGroup;
			children = (
				70C3514E252A6A01007BA4E8 /* MetalColorRemoveTests.swift */,
				70C35150252A6A01007BA4E8 /* Info.plist */,
			);
			path = MetalColorRemoveTests;
			sourceTree = "<group>";
		};
		70C35158252A6A01007BA4E8 /* MetalColorRemoveUITests */ = {
			isa = PBXGroup;
			children = (
				70C35159252A6A01007BA4E8 /* MetalColorRemoveUITests.swift */,
				70C3515B252A6A01007BA4E8 /* Info.plist */,
			);
			path = MetalColorRemoveUITests;
			sourceTree = "<group>";
		};
/* End PBXGroup section */

/* Begin PBXNativeTarget section */
		70C35134252A6A00007BA4E8 /* MetalColorRemove */ = {
			isa = PBXNativeTarget;
			buildConfigurationList = 70C3515E252A6A01007BA4E8 /* Build configuration list for PBXNativeTarget "MetalColorRemove" */;
			buildPhases = (
				70C35131252A6A00007BA4E8 /* Sources */,
				70C35132252A6A00007BA4E8 /* Frameworks */,
				70C35133252A6A00007BA4E8 /* Resources */,
			);
			buildRules = (
			);
			dependencies = (
			);
			name = MetalColorRemove;
			productName = MetalColorRemove;
			productReference = 70C35135252A6A00007BA4E8 /* MetalColorRemove.app */;
			productType = "com.apple.product-type.application";
		};
		70C35149252A6A01007BA4E8 /* MetalColorRemoveTests */ = {
			isa = PBXNativeTarget;
			buildConfigurationList = 70C35161252A6A01007BA4E8 /* Build configuration list for PBXNativeTarget "MetalColorRemoveTests" */;
			buildPhases = (
				70C35146252A6A01007BA4E8 /* Sources */,
				70C35147252A6A01007BA4E8 /* Frameworks */,
				70C35148252A6A01007BA4E8 /* Resources */,
			);
			buildRules = (
			);
			dependencies = (
				70C3514C252A6A01007BA4E8 /* PBXTargetDependency */,
			);
			name = MetalColorRemoveTests;
			productName = MetalColorRemoveTests;
			productReference = 70C3514A252A6A01007BA4E8 /* MetalColorRemoveTests.xctest */;
			productType = "com.apple.product-type.bundle.unit-test";
		};
		70C35154252A6A01007BA4E8 /* MetalColorRemoveUITests */ = {
			isa = PBXNativeTarget;
			buildConfigurationList = 70C35164252A6A01007BA4E8 /* Build configuration list for PBXNativeTarget "MetalColorRemoveUITests" */;
			buildPhases = (
				70C35151252A6A01007BA4E8 /* Sources */,
				70C35152252A6A01007BA4E8 /* Frameworks */,
				70C35153252A6A01007BA4E8 /* Resources */,
			);
			buildRules = (
			);
			dependencies = (
				70C35157252A6A01007BA4E8 /* PBXTargetDependency */,
			);
			name = MetalColorRemoveUITests;
			productName = MetalColorRemoveUITests;
			productReference = 70C35155252A6A01007BA4E8 /* MetalColorRemoveUITests.xctest */;
			productType = "com.apple.product-type.bundle.ui-testing";
		};
/* End PBXNativeTarget section */

/* Begin PBXProject section */
		70C3512D252A6A00007BA4E8 /* Project object */ = {
			isa = PBXProject;
			attributes = {
				LastSwiftUpdateCheck = 1200;
				LastUpgradeCheck = 1200;
				TargetAttributes = {
					70C35134252A6A00007BA4E8 = {
						CreatedOnToolsVersion = 12.0.1;
					};
					70C35149252A6A01007BA4E8 = {
						CreatedOnToolsVersion = 12.0.1;
						TestTargetID = 70C35134252A6A00007BA4E8;
					};
					70C35154252A6A01007BA4E8 = {
						CreatedOnToolsVersion = 12.0.1;
						TestTargetID = 70C35134252A6A00007BA4E8;
					};
				};
			};
			buildConfigurationList = 70C35130252A6A00007BA4E8 /* Build configuration list for PBXProject "MetalColorRemove" */;
			compatibilityVersion = "Xcode 9.3";
			developmentRegion = en;
			hasScannedForEncodings = 0;
			knownRegions = (
				en,
				Base,
			);
			mainGroup = 70C3512C252A6A00007BA4E8;
			productRefGroup = 70C35136252A6A00007BA4E8 /* Products */;
			projectDirPath = "";
			projectRoot = "";
			targets = (
				70C35134252A6A00007BA4E8 /* MetalColorRemove */,
				70C35149252A6A01007BA4E8 /* MetalColorRemoveTests */,
				70C35154252A6A01007BA4E8 /* MetalColorRemoveUITests */,
			);
		};
/* End PBXProject section */

/* Begin PBXResourcesBuildPhase section */
		70C35133252A6A00007BA4E8 /* Resources */ = {
			isa = PBXResourcesBuildPhase;
			buildActionMask = 2147483647;
			files = (
				70C35143252A6A01007BA4E8 /* Main.storyboard in Resources */,
				70C35140252A6A01007BA4E8 /* Preview Assets.xcassets in Resources */,
				70C3513D252A6A01007BA4E8 /* Assets.xcassets in Resources */,
			);
			runOnlyForDeploymentPostprocessing = 0;
		};
		70C35148252A6A01007BA4E8 /* Resources */ = {
			isa = PBXResourcesBuildPhase;
			buildActionMask = 2147483647;
			files = (
			);
			runOnlyForDeploymentPostprocessing = 0;
		};
		70C35153252A6A01007BA4E8 /* Resources */ = {
			isa = PBXResourcesBuildPhase;
			buildActionMask = 2147483647;
			files = (
			);
			runOnlyForDeploymentPostprocessing = 0;
		};
/* End PBXResourcesBuildPhase section */

/* Begin PBXSourcesBuildPhase section */
		70C35131252A6A00007BA4E8 /* Sources */ = {
			isa = PBXSourcesBuildPhase;
			buildActionMask = 2147483647;
			files = (
				70C3513B252A6A00007BA4E8 /* ContentView.swift in Sources */,
				70C35139252A6A00007BA4E8 /* AppDelegate.swift in Sources */,
			);
			runOnlyForDeploymentPostprocessing = 0;
		};
		70C35146252A6A01007BA4E8 /* Sources */ = {
			isa = PBXSourcesBuildPhase;
			buildActionMask = 2147483647;
			files = (
				70C3514F252A6A01007BA4E8 /* MetalColorRemoveTests.swift in Sources */,
			);
			runOnlyForDeploymentPostprocessing = 0;
		};
		70C35151252A6A01007BA4E8 /* Sources */ = {
			isa = PBXSourcesBuildPhase;
			buildActionMask = 2147483647;
			files = (
				70C3515A252A6A01007BA4E8 /* MetalColorRemoveUITests.swift in Sources */,
			);
			runOnlyForDeploymentPostprocessing = 0;
		};
/* End PBXSourcesBuildPhase section */

/* Begin PBXTargetDependency section */
		70C3514C252A6A01007BA4E8 /* PBXTargetDependency */ = {
			isa = PBXTargetDependency;
			target = 70C35134252A6A00007BA4E8 /* MetalColorRemove */;
			targetProxy = 70C3514B252A6A01007BA4E8 /* PBXContainerItemProxy */;
		};
		70C35157252A6A01007BA4E8 /* PBXTargetDependency */ = {
			isa = PBXTargetDependency;
			target = 70C35134252A6A00007BA4E8 /* MetalColorRemove */;
			targetProxy = 70C35156252A6A01007BA4E8 /* PBXContainerItemProxy */;
		};
/* End PBXTargetDependency section */

/* Begin PBXVariantGroup section */
		70C35141252A6A01007BA4E8 /* Main.storyboard */ = {
			isa = PBXVariantGroup;
			children = (
				70C35142252A6A01007BA4E8 /* Base */,
			);
			name = Main.storyboard;
			sourceTree = "<group>";
		};
/* End PBXVariantGroup section */

/* Begin XCBuildConfiguration section */
		70C3515C252A6A01007BA4E8 /* Debug */ = {
			isa = XCBuildConfiguration;
			buildSettings = {
				ALWAYS_SEARCH_USER_PATHS = NO;
				CLANG_ANALYZER_NONNULL = YES;
				CLANG_ANALYZER_NUMBER_OBJECT_CONVERSION = YES_AGGRESSIVE;
				CLANG_CXX_LANGUAGE_STANDARD = "gnu++14";
				CLANG_CXX_LIBRARY = "libc++";
				CLANG_ENABLE_MODULES = YES;
				CLANG_ENABLE_OBJC_ARC = YES;
				CLANG_ENABLE_OBJC_WEAK = YES;
				CLANG_WARN_BLOCK_CAPTURE_AUTORELEASING = YES;
				CLANG_WARN_BOOL_CONVERSION = YES;
				CLANG_WARN_COMMA = YES;
				CLANG_WARN_CONSTANT_CONVERSION = YES;
				CLANG_WARN_DEPRECATED_OBJC_IMPLEMENTATIONS = YES;
				CLANG_WARN_DIRECT_OBJC_ISA_USAGE = YES_ERROR;
				CLANG_WARN_DOCUMENTATION_COMMENTS = YES;
				CLANG_WARN_EMPTY_BODY = YES;
				CLANG_WARN_ENUM_CONVERSION = YES;
				CLANG_WARN_INFINITE_RECURSION = YES;
				CLANG_WARN_INT_CONVERSION = YES;
				CLANG_WARN_NON_LITERAL_NULL_CONVERSION = YES;
				CLANG_WARN_OBJC_IMPLICIT_RETAIN_SELF = YES;
				CLANG_WARN_OBJC_LITERAL_CONVERSION = YES;
				CLANG_WARN_OBJC_ROOT_CLASS = YES_ERROR;
				CLANG_WARN_QUOTED_INCLUDE_IN_FRAMEWORK_HEADER = YES;
				CLANG_WARN_RANGE_LOOP_ANALYSIS = YES;
				CLANG_WARN_STRICT_PROTOTYPES = YES;
				CLANG_WARN_SUSPICIOUS_MOVE = YES;
				CLANG_WARN_UNGUARDED_AVAILABILITY = YES_AGGRESSIVE;
				CLANG_WARN_UNREACHABLE_CODE = YES;
				CLANG_WARN__DUPLICATE_METHOD_MATCH = YES;
				COPY_PHASE_STRIP = NO;
				DEBUG_INFORMATION_FORMAT = dwarf;
				ENABLE_STRICT_OBJC_MSGSEND = YES;
				ENABLE_TESTABILITY = YES;
				GCC_C_LANGUAGE_STANDARD = gnu11;
				GCC_DYNAMIC_NO_PIC = NO;
				GCC_NO_COMMON_BLOCKS = YES;
				GCC_OPTIMIZATION_LEVEL = 0;
				GCC_PREPROCESSOR_DEFINITIONS = (
					"DEBUG=1",
					"$(inherited)",
				);
				GCC_WARN_64_TO_32_BIT_CONVERSION = YES;
				GCC_WARN_ABOUT_RETURN_TYPE = YES_ERROR;
				GCC_WARN_UNDECLARED_SELECTOR = YES;
				GCC_WARN_UNINITIALIZED_AUTOS = YES_AGGRESSIVE;
				GCC_WARN_UNUSED_FUNCTION = YES;
				GCC_WARN_UNUSED_VARIABLE = YES;
				MACOSX_DEPLOYMENT_TARGET = 10.15;
				MTL_ENABLE_DEBUG_INFO = INCLUDE_SOURCE;
				MTL_FAST_MATH = YES;
				ONLY_ACTIVE_ARCH = YES;
				SDKROOT = macosx;
				SWIFT_ACTIVE_COMPILATION_CONDITIONS = DEBUG;
				SWIFT_OPTIMIZATION_LEVEL = "-Onone";
			};
			name = Debug;
		};
		70C3515D252A6A01007BA4E8 /* Release */ = {
			isa = XCBuildConfiguration;
			buildSettings = {
				ALWAYS_SEARCH_USER_PATHS = NO;
				CLANG_ANALYZER_NONNULL = YES;
				CLANG_ANALYZER_NUMBER_OBJECT_CONVERSION = YES_AGGRESSIVE;
				CLANG_CXX_LANGUAGE_STANDARD = "gnu++14";
				CLANG_CXX_LIBRARY = "libc++";
				CLANG_ENABLE_MODULES = YES;
				CLANG_ENABLE_OBJC_ARC = YES;
				CLANG_ENABLE_OBJC_WEAK = YES;
				CLANG_WARN_BLOCK_CAPTURE_AUTORELEASING = YES;
				CLANG_WARN_BOOL_CONVERSION = YES;
				CLANG_WARN_COMMA = YES;
				CLANG_WARN_CONSTANT_CONVERSION = YES;
				CLANG_WARN_DEPRECATED_OBJC_IMPLEMENTATIONS = YES;
				CLANG_WARN_DIRECT_OBJC_ISA_USAGE = YES_ERROR;
				CLANG_WARN_DOCUMENTATION_COMMENTS = YES;
				CLANG_WARN_EMPTY_BODY = YES;
				CLANG_WARN_ENUM_CONVERSION = YES;
				CLANG_WARN_INFINITE_RECURSION = YES;
				CLANG_WARN_INT_CONVERSION = YES;
				CLANG_WARN_NON_LITERAL_NULL_CONVERSION = YES;
				CLANG_WARN_OBJC_IMPLICIT_RETAIN_SELF = YES;
				CLANG_WARN_OBJC_LITERAL_CONVERSION = YES;
				CLANG_WARN_OBJC_ROOT_CLASS = YES_ERROR;
				CLANG_WARN_QUOTED_INCLUDE_IN_FRAMEWORK_HEADER = YES;
				CLANG_WARN_RANGE_LOOP_ANALYSIS = YES;
				CLANG_WARN_STRICT_PROTOTYPES = YES;
				CLANG_WARN_SUSPICIOUS_MOVE = YES;
				CLANG_WARN_UNGUARDED_AVAILABILITY = YES_AGGRESSIVE;
				CLANG_WARN_UNREACHABLE_CODE = YES;
				CLANG_WARN__DUPLICATE_METHOD_MATCH = YES;
				COPY_PHASE_STRIP = NO;
				DEBUG_INFORMATION_FORMAT = "dwarf-with-dsym";
				ENABLE_NS_ASSERTIONS = NO;
				ENABLE_STRICT_OBJC_MSGSEND = YES;
				GCC_C_LANGUAGE_STANDARD = gnu11;
				GCC_NO_COMMON_BLOCKS = YES;
				GCC_WARN_64_TO_32_BIT_CONVERSION = YES;
				GCC_WARN_ABOUT_RETURN_TYPE = YES_ERROR;
				GCC_WARN_UNDECLARED_SELECTOR = YES;
				GCC_WARN_UNINITIALIZED_AUTOS = YES_AGGRESSIVE;
				GCC_WARN_UNUSED_FUNCTION = YES;
				GCC_WARN_UNUSED_VARIABLE = YES;
				MACOSX_DEPLOYMENT_TARGET = 10.15;
				MTL_ENABLE_DEBUG_INFO = NO;
				MTL_FAST_MATH = YES;
				SDKROOT = macosx;
				SWIFT_COMPILATION_MODE = wholemodule;
				SWIFT_OPTIMIZATION_LEVEL = "-O";
			};
			name = Release;
		};
		70C3515F252A6A01007BA4E8 /* Debug */ = {
			isa = XCBuildConfiguration;
			buildSettings = {
				ASSETCATALOG_COMPILER_APPICON_NAME = AppIcon;
				ASSETCATALOG_COMPILER_GLOBAL_ACCENT_COLOR_NAME = AccentColor;
				CODE_SIGN_ENTITLEMENTS = MetalColorRemove/MetalColorRemove.entitlements;
				CODE_SIGN_STYLE = Automatic;
				COMBINE_HIDPI_IMAGES = YES;
				DEVELOPMENT_ASSET_PATHS = "\"MetalColorRemove/Preview Content\"";
				DEVELOPMENT_TEAM = NB3BRUDL5P;
				ENABLE_HARDENED_RUNTIME = YES;
				ENABLE_PREVIEWS = YES;
				INFOPLIST_FILE = MetalColorRemove/Info.plist;
				LD_RUNPATH_SEARCH_PATHS = (
					"$(inherited)",
					"@executable_path/../Frameworks",
				);
				MACOSX_DEPLOYMENT_TARGET = 10.15;
				PRODUCT_BUNDLE_IDENTIFIER = yiqinzhao.MetalColorRemove;
				PRODUCT_NAME = "$(TARGET_NAME)";
				SWIFT_VERSION = 5.0;
			};
			name = Debug;
		};
		70C35160252A6A01007BA4E8 /* Release */ = {
			isa = XCBuildConfiguration;
			buildSettings = {
				ASSETCATALOG_COMPILER_APPICON_NAME = AppIcon;
				ASSETCATALOG_COMPILER_GLOBAL_ACCENT_COLOR_NAME = AccentColor;
				CODE_SIGN_ENTITLEMENTS = MetalColorRemove/MetalColorRemove.entitlements;
				CODE_SIGN_STYLE = Automatic;
				COMBINE_HIDPI_IMAGES = YES;
				DEVELOPMENT_ASSET_PATHS = "\"MetalColorRemove/Preview Content\"";
				DEVELOPMENT_TEAM = NB3BRUDL5P;
				ENABLE_HARDENED_RUNTIME = YES;
				ENABLE_PREVIEWS = YES;
				INFOPLIST_FILE = MetalColorRemove/Info.plist;
				LD_RUNPATH_SEARCH_PATHS = (
					"$(inherited)",
					"@executable_path/../Frameworks",
				);
				MACOSX_DEPLOYMENT_TARGET = 10.15;
				PRODUCT_BUNDLE_IDENTIFIER = yiqinzhao.MetalColorRemove;
				PRODUCT_NAME = "$(TARGET_NAME)";
				SWIFT_VERSION = 5.0;
			};
			name = Release;
		};
		70C35162252A6A01007BA4E8 /* Debug */ = {
			isa = XCBuildConfiguration;
			buildSettings = {
				ALWAYS_EMBED_SWIFT_STANDARD_LIBRARIES = YES;
				BUNDLE_LOADER = "$(TEST_HOST)";
				CODE_SIGN_STYLE = Automatic;
				COMBINE_HIDPI_IMAGES = YES;
				DEVELOPMENT_TEAM = NB3BRUDL5P;
				INFOPLIST_FILE = MetalColorRemoveTests/Info.plist;
				LD_RUNPATH_SEARCH_PATHS = (
					"$(inherited)",
					"@executable_path/../Frameworks",
					"@loader_path/../Frameworks",
				);
				MACOSX_DEPLOYMENT_TARGET = 10.15;
				PRODUCT_BUNDLE_IDENTIFIER = yiqinzhao.MetalColorRemoveTests;
				PRODUCT_NAME = "$(TARGET_NAME)";
				SWIFT_VERSION = 5.0;
				TEST_HOST = "$(BUILT_PRODUCTS_DIR)/MetalColorRemove.app/Contents/MacOS/MetalColorRemove";
			};
			name = Debug;
		};
		70C35163252A6A01007BA4E8 /* Release */ = {
			isa = XCBuildConfiguration;
			buildSettings = {
				ALWAYS_EMBED_SWIFT_STANDARD_LIBRARIES = YES;
				BUNDLE_LOADER = "$(TEST_HOST)";
				CODE_SIGN_STYLE = Automatic;
				COMBINE_HIDPI_IMAGES = YES;
				DEVELOPMENT_TEAM = NB3BRUDL5P;
				INFOPLIST_FILE = MetalColorRemoveTests/Info.plist;
				LD_RUNPATH_SEARCH_PATHS = (
					"$(inherited)",
					"@executable_path/../Frameworks",
					"@loader_path/../Frameworks",
				);
				MACOSX_DEPLOYMENT_TARGET = 10.15;
				PRODUCT_BUNDLE_IDENTIFIER = yiqinzhao.MetalColorRemoveTests;
				PRODUCT_NAME = "$(TARGET_NAME)";
				SWIFT_VERSION = 5.0;
				TEST_HOST = "$(BUILT_PRODUCTS_DIR)/MetalColorRemove.app/Contents/MacOS/MetalColorRemove";
			};
			name = Release;
		};
		70C35165252A6A01007BA4E8 /* Debug */ = {
			isa = XCBuildConfiguration;
			buildSettings = {
				ALWAYS_EMBED_SWIFT_STANDARD_LIBRARIES = YES;
				CODE_SIGN_STYLE = Automatic;
				COMBINE_HIDPI_IMAGES = YES;
				DEVELOPMENT_TEAM = NB3BRUDL5P;
				INFOPLIST_FILE = MetalColorRemoveUITests/Info.plist;
				LD_RUNPATH_SEARCH_PATHS = (
					"$(inherited)",
					"@executable_path/../Frameworks",
					"@loader_path/../Frameworks",
				);
				PRODUCT_BUNDLE_IDENTIFIER = yiqinzhao.MetalColorRemoveUITests;
				PRODUCT_NAME = "$(TARGET_NAME)";
				SWIFT_VERSION = 5.0;
				TEST_TARGET_NAME = MetalColorRemove;
			};
			name = Debug;
		};
		70C35166252A6A01007BA4E8 /* Release */ = {
			isa = XCBuildConfiguration;
			buildSettings = {
				ALWAYS_EMBED_SWIFT_STANDARD_LIBRARIES = YES;
				CODE_SIGN_STYLE = Automatic;
				COMBINE_HIDPI_IMAGES = YES;
				DEVELOPMENT_TEAM = NB3BRUDL5P;
				INFOPLIST_FILE = MetalColorRemoveUITests/Info.plist;
				LD_RUNPATH_SEARCH_PATHS = (
					"$(inherited)",
					"@executable_path/../Frameworks",
					"@loader_path/../Frameworks",
				);
				PRODUCT_BUNDLE_IDENTIFIER = yiqinzhao.MetalColorRemoveUITests;
				PRODUCT_NAME = "$(TARGET_NAME)";
				SWIFT_VERSION = 5.0;
				TEST_TARGET_NAME = MetalColorRemove;
			};
			name = Release;
		};
/* End XCBuildConfiguration section */

/* Begin XCConfigurationList section */
		70C35130252A6A00007BA4E8 /* Build configuration list for PBXProject "MetalColorRemove" */ = {
			isa = XCConfigurationList;
			buildConfigurations = (
				70C3515C252A6A01007BA4E8 /* Debug */,
				70C3515D252A6A01007BA4E8 /* Release */,
			);
			defaultConfigurationIsVisible = 0;
			defaultConfigurationName = Release;
		};
		70C3515E252A6A01007BA4E8 /* Build configuration list for PBXNativeTarget "MetalColorRemove" */ = {
			isa = XCConfigurationList;
			buildConfigurations = (
				70C3515F252A6A01007BA4E8 /* Debug */,
				70C35160252A6A01007BA4E8 /* Release */,
			);
			defaultConfigurationIsVisible = 0;
			defaultConfigurationName = Release;
		};
		70C35161252A6A01007BA4E8 /* Build configuration list for PBXNativeTarget "MetalColorRemoveTests" */ = {
			isa = XCConfigurationList;
			buildConfigurations = (
				70C35162252A6A01007BA4E8 /* Debug */,
				70C35163252A6A01007BA4E8 /* Release */,
			);
			defaultConfigurationIsVisible = 0;
			defaultConfigurationName = Release;
		};
		70C35164252A6A01007BA4E8 /* Build configuration list for PBXNativeTarget "MetalColorRemoveUITests" */ = {
			isa = XCConfigurationList;
			buildConfigurations = (
				70C35165252A6A01007BA4E8 /* Debug */,
				70C35166252A6A01007BA4E8 /* Release */,
			);
			defaultConfigurationIsVisible = 0;
			defaultConfigurationName = Release;
		};
/* End XCConfigurationList section */
	};
	rootObject = 70C3512D252A6A00007BA4E8 /* Project object */;
}
